
Microsoft Visual Studio Solution File, Format Version 12.00
# Visual Studio 15
VisualStudioVersion = 15.0.27428.2015
MinimumVisualStudioVersion = 10.0.40219.1
Project("{FAE04EC0-301F-11D3-BF4B-00C04F79EFBC}") = "Domain", "Domain\Domain.csproj", "{14EE716B-8E97-420C-A048-A76826472B8F}"
EndProject
Project("{FAE04EC0-301F-11D3-BF4B-00C04F79EFBC}") = "Repository", "Repository\Repository.csproj", "{130B2D2E-EE95-46F4-89FC-30DCF2015E69}"
EndProject
Project("{FAE04EC0-301F-11D3-BF4B-00C04F79EFBC}") = "WebAPIBookStore", "WebAPIBookStore\WebAPIBookStore.csproj", "{C0604F76-136F-4B0D-8737-5A18B3B0114F}"
EndProject
Global
	GlobalSection(SolutionConfigurationPlatforms) = preSolution
		Debug|Any CPU = Debug|Any CPU
		Release|Any CPU = Release|Any CPU
	EndGlobalSection
	GlobalSection(ProjectConfigurationPlatforms) = postSolution
		{14EE716B-8E97-420C-A048-A76826472B8F}.Debug|Any CPU.ActiveCfg = Debug|Any CPU
		{14EE716B-8E97-420C-A048-A76826472B8F}.Debug|Any CPU.Build.0 = Debug|Any CPU
		{14EE716B-8E97-420C-A048-A76826472B8F}.Release|Any CPU.ActiveCfg = Release|Any CPU
		{14EE716B-8E97-420C-A048-A76826472B8F}.Release|Any CPU.Build.0 = Release|Any CPU
		{130B2D2E-EE95-46F4-89FC-30DCF2015E69}.Debug|Any CPU.ActiveCfg = Debug|Any CPU
		{130B2D2E-EE95-46F4-89FC-30DCF2015E69}.Debug|Any CPU.Build.0 = Debug|Any CPU
		{130B2D2E-EE95-46F4-89FC-30DCF2015E69}.Release|Any CPU.ActiveCfg = Release|Any CPU
		{130B2D2E-EE95-46F4-89FC-30DCF2015E69}.Release|Any CPU.Build.0 = Release|Any CPU
		{C0604F76-136F-4B0D-8737-5A18B3B0114F}.Debug|Any CPU.ActiveCfg = Debug|Any CPU
		{C0604F76-136F-4B0D-8737-5A18B3B0114F}.Debug|Any CPU.Build.0 = Debug|Any CPU
		{C0604F76-136F-4B0D-8737-5A18B3B0114F}.Release|Any CPU.ActiveCfg = Release|Any CPU
		{C0604F76-136F-4B0D-8737-5A18B3B0114F}.Release|Any CPU.Build.0 = Release|Any CPU
	EndGlobalSection
	GlobalSection(SolutionProperties) = preSolution
		HideSolutionNode = FALSE
	EndGlobalSection
	GlobalSection(ExtensibilityGlobals) = postSolution
		SolutionGuid = {34870D46-0197-486F-A106-3B9B34542526}
	EndGlobalSection
EndGlobal
